
Microsoft Visual Studio Solution File, Format Version 12.00
# Visual Studio Version 17
VisualStudioVersion = 17.8.34511.84
MinimumVisualStudioVersion = 10.0.40219.1
Project("{9A19103F-16F7-4668-BE54-9A1E7A4F7556}") = "WebCalculatorApi", "WebCalculatorApi.csproj", "{80805FAA-2570-4177-BC7C-A64EEB4C2DD0}"
EndProject
Global
	GlobalSection(SolutionConfigurationPlatforms) = preSolution
		Debug|Any CPU = Debug|Any CPU
		Release|Any CPU = Release|Any CPU
	EndGlobalSection
	GlobalSection(ProjectConfigurationPlatforms) = postSolution
		{80805FAA-2570-4177-BC7C-A64EEB4C2DD0}.Debug|Any CPU.ActiveCfg = Debug|Any CPU
		{80805FAA-2570-4177-BC7C-A64EEB4C2DD0}.Debug|Any CPU.Build.0 = Debug|Any CPU
		{80805FAA-2570-4177-BC7C-A64EEB4C2DD0}.Release|Any CPU.ActiveCfg = Release|Any CPU
		{80805FAA-2570-4177-BC7C-A64EEB4C2DD0}.Release|Any CPU.Build.0 = Release|Any CPU
	EndGlobalSection
	GlobalSection(SolutionProperties) = preSolution
		HideSolutionNode = FALSE
	EndGlobalSection
	GlobalSection(ExtensibilityGlobals) = postSolution
		SolutionGuid = {1F5C88FD-7AFC-495F-A53D-9249A71453A7}
	EndGlobalSection
EndGlobal
